// !$*UTF8*$!
{
	archiveVersion = 1;
	classes = {
	};
	objectVersion = 50;
	objects = {

/* Begin PBXBuildFile section */
		EA30544820ABC31A00B81C40 /* Tools.swift in Sources */ = {isa = PBXBuildFile; fileRef = EA30544720ABC31A00B81C40 /* Tools.swift */; };
		EA30546B20ABCCAE00B81C40 /* libTools.a in CopyFiles */ = {isa = PBXBuildFile; fileRef = EA30544420ABC31A00B81C40 /* libTools.a */; };
		EA30547D20ABD18A00B81C40 /* 哼.jpg in Resources */ = {isa = PBXBuildFile; fileRef = EA30547C20ABD18A00B81C40 /* 哼.jpg */; };
		EA30547E20ABD19C00B81C40 /* 哼.jpg in CopyFiles */ = {isa = PBXBuildFile; fileRef = EA30547C20ABD18A00B81C40 /* 哼.jpg */; };
		EA30548020ABD54100B81C40 /* scheme.png in Resources */ = {isa = PBXBuildFile; fileRef = EA30547F20ABD54100B81C40 /* scheme.png */; };
/* End PBXBuildFile section */

/* Begin PBXCopyFilesBuildPhase section */
		EA30544220ABC31A00B81C40 /* CopyFiles */ = {
			isa = PBXCopyFilesBuildPhase;
			buildActionMask = 2147483647;
			dstPath = "$(SRCROOT)/libTools.a";
			dstSubfolderSpec = 0;
			files = (
				EA30546B20ABCCAE00B81C40 /* libTools.a in CopyFiles */,
			);
			runOnlyForDeploymentPostprocessing = 0;
		};
		EA30547720ABCE8A00B81C40 /* CopyFiles */ = {
			isa = PBXCopyFilesBuildPhase;
			buildActionMask = 2147483647;
			dstPath = "$(SRCROOT)/ToolResource.bundle";
			dstSubfolderSpec = 0;
			files = (
				EA30547E20ABD19C00B81C40 /* 哼.jpg in CopyFiles */,
			);
			runOnlyForDeploymentPostprocessing = 0;
		};
/* End PBXCopyFilesBuildPhase section */

/* Begin PBXFileReference section */
		EA30544420ABC31A00B81C40 /* libTools.a */ = {isa = PBXFileReference; explicitFileType = archive.ar; includeInIndex = 0; path = libTools.a; sourceTree = BUILT_PRODUCTS_DIR; };
		EA30544720ABC31A00B81C40 /* Tools.swift */ = {isa = PBXFileReference; lastKnownFileType = sourcecode.swift; path = Tools.swift; sourceTree = "<group>"; };
		EA30547020ABCE5200B81C40 /* ToolResource.bundle */ = {isa = PBXFileReference; explicitFileType = wrapper.cfbundle; includeInIndex = 0; path = ToolResource.bundle; sourceTree = BUILT_PRODUCTS_DIR; };
		EA30547220ABCE5200B81C40 /* Info.plist */ = {isa = PBXFileReference; lastKnownFileType = text.plist.xml; path = Info.plist; sourceTree = "<group>"; };
		EA30547C20ABD18A00B81C40 /* 哼.jpg */ = {isa = PBXFileReference; lastKnownFileType = image.jpeg; path = "哼.jpg"; sourceTree = "<group>"; };
		EA30547F20ABD54100B81C40 /* scheme.png */ = {isa = PBXFileReference; lastKnownFileType = image.png; path = scheme.png; sourceTree = "<group>"; };
/* End PBXFileReference section */

/* Begin PBXFrameworksBuildPhase section */
		EA30544120ABC31A00B81C40 /* Frameworks */ = {
			isa = PBXFrameworksBuildPhase;
			buildActionMask = 2147483647;
			files = (
			);
			runOnlyForDeploymentPostprocessing = 0;
		};
		EA30546D20ABCE5200B81C40 /* Frameworks */ = {
			isa = PBXFrameworksBuildPhase;
			buildActionMask = 2147483647;
			files = (
			);
			runOnlyForDeploymentPostprocessing = 0;
		};
/* End PBXFrameworksBuildPhase section */

/* Begin PBXGroup section */
		EA30543B20ABC31A00B81C40 = {
			isa = PBXGroup;
			children = (
				EA30544620ABC31A00B81C40 /* Tools */,
				EA30547120ABCE5200B81C40 /* ToolResource */,
				EA30544520ABC31A00B81C40 /* Products */,
			);
			sourceTree = "<group>";
		};
		EA30544520ABC31A00B81C40 /* Products */ = {
			isa = PBXGroup;
			children = (
				EA30544420ABC31A00B81C40 /* libTools.a */,
				EA30547020ABCE5200B81C40 /* ToolResource.bundle */,
			);
			name = Products;
			sourceTree = "<group>";
		};
		EA30544620ABC31A00B81C40 /* Tools */ = {
			isa = PBXGroup;
			children = (
				EA30544720ABC31A00B81C40 /* Tools.swift */,
			);
			path = Tools;
			sourceTree = "<group>";
		};
		EA30547120ABCE5200B81C40 /* ToolResource */ = {
			isa = PBXGroup;
			children = (
				EA30547F20ABD54100B81C40 /* scheme.png */,
				EA30547C20ABD18A00B81C40 /* 哼.jpg */,
				EA30547220ABCE5200B81C40 /* Info.plist */,
			);
			path = ToolResource;
			sourceTree = "<group>";
		};
/* End PBXGroup section */

/* Begin PBXNativeTarget section */
		EA30544320ABC31A00B81C40 /* Tools */ = {
			isa = PBXNativeTarget;
			buildConfigurationList = EA30544B20ABC31A00B81C40 /* Build configuration list for PBXNativeTarget "Tools" */;
			buildPhases = (
				EA30544020ABC31A00B81C40 /* Sources */,
				EA30544120ABC31A00B81C40 /* Frameworks */,
				EA30544220ABC31A00B81C40 /* CopyFiles */,
			);
			buildRules = (
			);
			dependencies = (
			);
			name = Tools;
			productName = Tools;
			productReference = EA30544420ABC31A00B81C40 /* libTools.a */;
			productType = "com.apple.product-type.library.static";
		};
		EA30546F20ABCE5200B81C40 /* ToolResource */ = {
			isa = PBXNativeTarget;
			buildConfigurationList = EA30547320ABCE5200B81C40 /* Build configuration list for PBXNativeTarget "ToolResource" */;
			buildPhases = (
				EA30546C20ABCE5200B81C40 /* Sources */,
				EA30546D20ABCE5200B81C40 /* Frameworks */,
				EA30546E20ABCE5200B81C40 /* Resources */,
				EA30547720ABCE8A00B81C40 /* CopyFiles */,
			);
			buildRules = (
			);
			dependencies = (
			);
			name = ToolResource;
			productName = ToolResource;
			productReference = EA30547020ABCE5200B81C40 /* ToolResource.bundle */;
			productType = "com.apple.product-type.bundle";
		};
/* End PBXNativeTarget section */

/* Begin PBXProject section */
		EA30543C20ABC31A00B81C40 /* Project object */ = {
			isa = PBXProject;
			attributes = {
				LastSwiftUpdateCheck = 0930;
				LastUpgradeCheck = 0930;
				ORGANIZATIONNAME = com.buyal;
				TargetAttributes = {
					EA30544320ABC31A00B81C40 = {
						CreatedOnToolsVersion = 9.3;
					};
					EA30546F20ABCE5200B81C40 = {
						CreatedOnToolsVersion = 9.3;
					};
				};
			};
			buildConfigurationList = EA30543F20ABC31A00B81C40 /* Build configuration list for PBXProject "Tools" */;
			compatibilityVersion = "Xcode 9.3";
			developmentRegion = en;
			hasScannedForEncodings = 0;
			knownRegions = (
				en,
			);
			mainGroup = EA30543B20ABC31A00B81C40;
			productRefGroup = EA30544520ABC31A00B81C40 /* Products */;
			projectDirPath = "";
			projectRoot = "";
			targets = (
				EA30544320ABC31A00B81C40 /* Tools */,
				EA30546F20ABCE5200B81C40 /* ToolResource */,
			);
		};
/* End PBXProject section */

/* Begin PBXResourcesBuildPhase section */
		EA30546E20ABCE5200B81C40 /* Resources */ = {
			isa = PBXResourcesBuildPhase;
			buildActionMask = 2147483647;
			files = (
				EA30547D20ABD18A00B81C40 /* 哼.jpg in Resources */,
				EA30548020ABD54100B81C40 /* scheme.png in Resources */,
			);
			runOnlyForDeploymentPostprocessing = 0;
		};
/* End PBXResourcesBuildPhase section */

/* Begin PBXSourcesBuildPhase section */
		EA30544020ABC31A00B81C40 /* Sources */ = {
			isa = PBXSourcesBuildPhase;
			buildActionMask = 2147483647;
			files = (
				EA30544820ABC31A00B81C40 /* Tools.swift in Sources */,
			);
			runOnlyForDeploymentPostprocessing = 0;
		};
		EA30546C20ABCE5200B81C40 /* Sources */ = {
			isa = PBXSourcesBuildPhase;
			buildActionMask = 2147483647;
			files = (
			);
			runOnlyForDeploymentPostprocessing = 0;
		};
/* End PBXSourcesBuildPhase section */

/* Begin XCBuildConfiguration section */
		EA30544920ABC31A00B81C40 /* Debug */ = {
			isa = XCBuildConfiguration;
			buildSettings = {
				ALWAYS_SEARCH_USER_PATHS = NO;
				CLANG_ANALYZER_NONNULL = YES;
				CLANG_ANALYZER_NUMBER_OBJECT_CONVERSION = YES_AGGRESSIVE;
				CLANG_CXX_LANGUAGE_STANDARD = "gnu++14";
				CLANG_CXX_LIBRARY = "libc++";
				CLANG_ENABLE_MODULES = YES;
				CLANG_ENABLE_OBJC_ARC = YES;
				CLANG_ENABLE_OBJC_WEAK = YES;
				CLANG_WARN_BLOCK_CAPTURE_AUTORELEASING = YES;
				CLANG_WARN_BOOL_CONVERSION = YES;
				CLANG_WARN_COMMA = YES;
				CLANG_WARN_CONSTANT_CONVERSION = YES;
				CLANG_WARN_DEPRECATED_OBJC_IMPLEMENTATIONS = YES;
				CLANG_WARN_DIRECT_OBJC_ISA_USAGE = YES_ERROR;
				CLANG_WARN_DOCUMENTATION_COMMENTS = YES;
				CLANG_WARN_EMPTY_BODY = YES;
				CLANG_WARN_ENUM_CONVERSION = YES;
				CLANG_WARN_INFINITE_RECURSION = YES;
				CLANG_WARN_INT_CONVERSION = YES;
				CLANG_WARN_NON_LITERAL_NULL_CONVERSION = YES;
				CLANG_WARN_OBJC_IMPLICIT_RETAIN_SELF = YES;
				CLANG_WARN_OBJC_LITERAL_CONVERSION = YES;
				CLANG_WARN_OBJC_ROOT_CLASS = YES_ERROR;
				CLANG_WARN_RANGE_LOOP_ANALYSIS = YES;
				CLANG_WARN_STRICT_PROTOTYPES = YES;
				CLANG_WARN_SUSPICIOUS_MOVE = YES;
				CLANG_WARN_UNGUARDED_AVAILABILITY = YES_AGGRESSIVE;
				CLANG_WARN_UNREACHABLE_CODE = YES;
				CLANG_WARN__DUPLICATE_METHOD_MATCH = YES;
				CODE_SIGN_IDENTITY = "iPhone Developer";
				COPY_PHASE_STRIP = NO;
				DEBUG_INFORMATION_FORMAT = dwarf;
				ENABLE_STRICT_OBJC_MSGSEND = YES;
				ENABLE_TESTABILITY = YES;
				GCC_C_LANGUAGE_STANDARD = gnu11;
				GCC_DYNAMIC_NO_PIC = NO;
				GCC_NO_COMMON_BLOCKS = YES;
				GCC_OPTIMIZATION_LEVEL = 0;
				GCC_PREPROCESSOR_DEFINITIONS = (
					"DEBUG=1",
					"$(inherited)",
				);
				GCC_WARN_64_TO_32_BIT_CONVERSION = YES;
				GCC_WARN_ABOUT_RETURN_TYPE = YES_ERROR;
				GCC_WARN_UNDECLARED_SELECTOR = YES;
				GCC_WARN_UNINITIALIZED_AUTOS = YES_AGGRESSIVE;
				GCC_WARN_UNUSED_FUNCTION = YES;
				GCC_WARN_UNUSED_VARIABLE = YES;
				IPHONEOS_DEPLOYMENT_TARGET = 11.3;
				MTL_ENABLE_DEBUG_INFO = YES;
				ONLY_ACTIVE_ARCH = YES;
				SDKROOT = iphoneos;
				SWIFT_ACTIVE_COMPILATION_CONDITIONS = DEBUG;
				SWIFT_OPTIMIZATION_LEVEL = "-Onone";
			};
			name = Debug;
		};
		EA30544A20ABC31A00B81C40 /* Release */ = {
			isa = XCBuildConfiguration;
			buildSettings = {
				ALWAYS_SEARCH_USER_PATHS = NO;
				CLANG_ANALYZER_NONNULL = YES;
				CLANG_ANALYZER_NUMBER_OBJECT_CONVERSION = YES_AGGRESSIVE;
				CLANG_CXX_LANGUAGE_STANDARD = "gnu++14";
				CLANG_CXX_LIBRARY = "libc++";
				CLANG_ENABLE_MODULES = YES;
				CLANG_ENABLE_OBJC_ARC = YES;
				CLANG_ENABLE_OBJC_WEAK = YES;
				CLANG_WARN_BLOCK_CAPTURE_AUTORELEASING = YES;
				CLANG_WARN_BOOL_CONVERSION = YES;
				CLANG_WARN_COMMA = YES;
				CLANG_WARN_CONSTANT_CONVERSION = YES;
				CLANG_WARN_DEPRECATED_OBJC_IMPLEMENTATIONS = YES;
				CLANG_WARN_DIRECT_OBJC_ISA_USAGE = YES_ERROR;
				CLANG_WARN_DOCUMENTATION_COMMENTS = YES;
				CLANG_WARN_EMPTY_BODY = YES;
				CLANG_WARN_ENUM_CONVERSION = YES;
				CLANG_WARN_INFINITE_RECURSION = YES;
				CLANG_WARN_INT_CONVERSION = YES;
				CLANG_WARN_NON_LITERAL_NULL_CONVERSION = YES;
				CLANG_WARN_OBJC_IMPLICIT_RETAIN_SELF = YES;
				CLANG_WARN_OBJC_LITERAL_CONVERSION = YES;
				CLANG_WARN_OBJC_ROOT_CLASS = YES_ERROR;
				CLANG_WARN_RANGE_LOOP_ANALYSIS = YES;
				CLANG_WARN_STRICT_PROTOTYPES = YES;
				CLANG_WARN_SUSPICIOUS_MOVE = YES;
				CLANG_WARN_UNGUARDED_AVAILABILITY = YES_AGGRESSIVE;
				CLANG_WARN_UNREACHABLE_CODE = YES;
				CLANG_WARN__DUPLICATE_METHOD_MATCH = YES;
				CODE_SIGN_IDENTITY = "iPhone Developer";
				COPY_PHASE_STRIP = NO;
				DEBUG_INFORMATION_FORMAT = "dwarf-with-dsym";
				ENABLE_NS_ASSERTIONS = NO;
				ENABLE_STRICT_OBJC_MSGSEND = YES;
				GCC_C_LANGUAGE_STANDARD = gnu11;
				GCC_NO_COMMON_BLOCKS = YES;
				GCC_WARN_64_TO_32_BIT_CONVERSION = YES;
				GCC_WARN_ABOUT_RETURN_TYPE = YES_ERROR;
				GCC_WARN_UNDECLARED_SELECTOR = YES;
				GCC_WARN_UNINITIALIZED_AUTOS = YES_AGGRESSIVE;
				GCC_WARN_UNUSED_FUNCTION = YES;
				GCC_WARN_UNUSED_VARIABLE = YES;
				IPHONEOS_DEPLOYMENT_TARGET = 11.3;
				MTL_ENABLE_DEBUG_INFO = NO;
				SDKROOT = iphoneos;
				SWIFT_COMPILATION_MODE = wholemodule;
				SWIFT_OPTIMIZATION_LEVEL = "-O";
				VALIDATE_PRODUCT = YES;
			};
			name = Release;
		};
		EA30544C20ABC31A00B81C40 /* Debug */ = {
			isa = XCBuildConfiguration;
			buildSettings = {
				CODE_SIGN_STYLE = Automatic;
				OTHER_LDFLAGS = "-ObjC";
				PRODUCT_NAME = "$(TARGET_NAME)";
				SKIP_INSTALL = YES;
				SWIFT_VERSION = 4.0;
				TARGETED_DEVICE_FAMILY = "1,2";
			};
			name = Debug;
		};
		EA30544D20ABC31A00B81C40 /* Release */ = {
			isa = XCBuildConfiguration;
			buildSettings = {
				CODE_SIGN_STYLE = Automatic;
				OTHER_LDFLAGS = "-ObjC";
				PRODUCT_NAME = "$(TARGET_NAME)";
				SKIP_INSTALL = YES;
				SWIFT_VERSION = 4.0;
				TARGETED_DEVICE_FAMILY = "1,2";
			};
			name = Release;
		};
		EA30547420ABCE5200B81C40 /* Debug */ = {
			isa = XCBuildConfiguration;
			buildSettings = {
				CODE_SIGN_IDENTITY = "-";
				CODE_SIGN_STYLE = Automatic;
				COMBINE_HIDPI_IMAGES = YES;
				INFOPLIST_FILE = ToolResource/Info.plist;
				INSTALL_PATH = "$(LOCAL_LIBRARY_DIR)/Bundles";
				MACOSX_DEPLOYMENT_TARGET = 10.13;
				PRODUCT_BUNDLE_IDENTIFIER = com.buyal.ToolResource;
				PRODUCT_NAME = "$(TARGET_NAME)";
				SDKROOT = macosx;
				SKIP_INSTALL = YES;
				WRAPPER_EXTENSION = bundle;
			};
			name = Debug;
		};
		EA30547520ABCE5200B81C40 /* Release */ = {
			isa = XCBuildConfiguration;
			buildSettings = {
				CODE_SIGN_IDENTITY = "-";
				CODE_SIGN_STYLE = Automatic;
				COMBINE_HIDPI_IMAGES = YES;
				INFOPLIST_FILE = ToolResource/Info.plist;
				INSTALL_PATH = "$(LOCAL_LIBRARY_DIR)/Bundles";
				MACOSX_DEPLOYMENT_TARGET = 10.13;
				PRODUCT_BUNDLE_IDENTIFIER = com.buyal.ToolResource;
				PRODUCT_NAME = "$(TARGET_NAME)";
				SDKROOT = macosx;
				SKIP_INSTALL = YES;
				WRAPPER_EXTENSION = bundle;
			};
			name = Release;
		};
/* End XCBuildConfiguration section */

/* Begin XCConfigurationList section */
		EA30543F20ABC31A00B81C40 /* Build configuration list for PBXProject "Tools" */ = {
			isa = XCConfigurationList;
			buildConfigurations = (
				EA30544920ABC31A00B81C40 /* Debug */,
				EA30544A20ABC31A00B81C40 /* Release */,
			);
			defaultConfigurationIsVisible = 0;
			defaultConfigurationName = Release;
		};
		EA30544B20ABC31A00B81C40 /* Build configuration list for PBXNativeTarget "Tools" */ = {
			isa = XCConfigurationList;
			buildConfigurations = (
				EA30544C20ABC31A00B81C40 /* Debug */,
				EA30544D20ABC31A00B81C40 /* Release */,
			);
			defaultConfigurationIsVisible = 0;
			defaultConfigurationName = Release;
		};
		EA30547320ABCE5200B81C40 /* Build configuration list for PBXNativeTarget "ToolResource" */ = {
			isa = XCConfigurationList;
			buildConfigurations = (
				EA30547420ABCE5200B81C40 /* Debug */,
				EA30547520ABCE5200B81C40 /* Release */,
			);
			defaultConfigurationIsVisible = 0;
			defaultConfigurationName = Release;
		};
/* End XCConfigurationList section */
	};
	rootObject = EA30543C20ABC31A00B81C40 /* Project object */;
}
