// !$*UTF8*$!
{
	archiveVersion = 1;
	classes = {
	};
	objectVersion = 46;
	objects = {

/* Begin PBXBuildFile section */
		EA30545520ABC67C00B81C40 /* Swift4LearnUITests.swift in Sources */ = {isa = PBXBuildFile; fileRef = EA30545420ABC67C00B81C40 /* Swift4LearnUITests.swift */; };
		EA30546320ABC68600B81C40 /* Swift4LearnTests.swift in Sources */ = {isa = PBXBuildFile; fileRef = EA30546220ABC68600B81C40 /* Swift4LearnTests.swift */; };
		EA30547920ABD13800B81C40 /* libTools.a in Frameworks */ = {isa = PBXBuildFile; fileRef = EA30543420ABC29500B81C40 /* libTools.a */; };
		EA5D12F520A3DB2400CDB45A /* GuideViewController.swift in Sources */ = {isa = PBXBuildFile; fileRef = EA5D12F420A3DB2400CDB45A /* GuideViewController.swift */; };
		EA5D12F720A3DB4F00CDB45A /* BaseViewController.swift in Sources */ = {isa = PBXBuildFile; fileRef = EA5D12F620A3DB4F00CDB45A /* BaseViewController.swift */; };
		EA5D12F920A3DB6400CDB45A /* BasePresenter.swift in Sources */ = {isa = PBXBuildFile; fileRef = EA5D12F820A3DB6400CDB45A /* BasePresenter.swift */; };
		EA5D134020A3E2AD00CDB45A /* ModelPrase.swift in Sources */ = {isa = PBXBuildFile; fileRef = EA5D133F20A3E2AD00CDB45A /* ModelPrase.swift */; };
		EA5D134320A4121200CDB45A /* ScrollViewExtesion.swift in Sources */ = {isa = PBXBuildFile; fileRef = EA5D134220A4121200CDB45A /* ScrollViewExtesion.swift */; };
		EA5D134520A4188100CDB45A /* UIButtonExtesion.swift in Sources */ = {isa = PBXBuildFile; fileRef = EA5D134420A4188100CDB45A /* UIButtonExtesion.swift */; };
		EA8AADDB1F555DF0000B706F /* AppDelegate.swift in Sources */ = {isa = PBXBuildFile; fileRef = EA8AADDA1F555DF0000B706F /* AppDelegate.swift */; };
		EA8AADDD1F555DF0000B706F /* HomeViewController.swift in Sources */ = {isa = PBXBuildFile; fileRef = EA8AADDC1F555DF0000B706F /* HomeViewController.swift */; };
		EA8AADE01F555DF0000B706F /* Main.storyboard in Resources */ = {isa = PBXBuildFile; fileRef = EA8AADDE1F555DF0000B706F /* Main.storyboard */; };
		EA8AADE21F555DF0000B706F /* Assets.xcassets in Resources */ = {isa = PBXBuildFile; fileRef = EA8AADE11F555DF0000B706F /* Assets.xcassets */; };
		EA8AADE51F555DF0000B706F /* LaunchScreen.storyboard in Resources */ = {isa = PBXBuildFile; fileRef = EA8AADE31F555DF0000B706F /* LaunchScreen.storyboard */; };
		EA8C6C0D20A1346600AA77B2 /* LoginViewController.swift in Sources */ = {isa = PBXBuildFile; fileRef = EA8C6C0B20A1346600AA77B2 /* LoginViewController.swift */; };
		EA8C6C0E20A1346600AA77B2 /* LoginViewController.xib in Resources */ = {isa = PBXBuildFile; fileRef = EA8C6C0C20A1346600AA77B2 /* LoginViewController.xib */; };
		EA8C6C1420A13E0A00AA77B2 /* a6af6bc55acf39b1ed1d36ab98737d66.png in Resources */ = {isa = PBXBuildFile; fileRef = EA8C6C1320A13E0A00AA77B2 /* a6af6bc55acf39b1ed1d36ab98737d66.png */; };
		EABB42AA20A9230E0036E241 /* 秘密文本.rtf in Resources */ = {isa = PBXBuildFile; fileRef = EABB428220A9230E0036E241 /* 秘密文本.rtf */; };
		EABB42AB20A9230E0036E241 /* 194FC7F20160842B92F847D27BC9695D.jpg in Resources */ = {isa = PBXBuildFile; fileRef = EABB428320A9230E0036E241 /* 194FC7F20160842B92F847D27BC9695D.jpg */; };
		EABB42AC20A9230E0036E241 /* E7A16049-D42A-443B-BA5E-5DE33E245C98.png in Resources */ = {isa = PBXBuildFile; fileRef = EABB428420A9230E0036E241 /* E7A16049-D42A-443B-BA5E-5DE33E245C98.png */; };
		EABB42AD20A9230E0036E241 /* CB6A0594-069D-4EB0-9E1D-747105F77F1C.png in Resources */ = {isa = PBXBuildFile; fileRef = EABB428520A9230E0036E241 /* CB6A0594-069D-4EB0-9E1D-747105F77F1C.png */; };
		EABB42AE20A9230E0036E241 /* 30B4F3FA-CFA5-4760-BBFF-7518E7CF6433.png in Resources */ = {isa = PBXBuildFile; fileRef = EABB428620A9230E0036E241 /* 30B4F3FA-CFA5-4760-BBFF-7518E7CF6433.png */; };
		EABB42AF20A9230E0036E241 /* 807BB396-9100-4D99-B7E2-13E1A1CC6DB8.png in Resources */ = {isa = PBXBuildFile; fileRef = EABB428720A9230E0036E241 /* 807BB396-9100-4D99-B7E2-13E1A1CC6DB8.png */; };
		EABB42B020A9230E0036E241 /* 16A55A11CFF1A472A2B56B721618D445.jpg in Resources */ = {isa = PBXBuildFile; fileRef = EABB428820A9230E0036E241 /* 16A55A11CFF1A472A2B56B721618D445.jpg */; };
		EABB42B120A9230E0036E241 /* 3BBCBDA9-CFE1-4E6C-93EA-6F767F4C03BE.png in Resources */ = {isa = PBXBuildFile; fileRef = EABB428920A9230E0036E241 /* 3BBCBDA9-CFE1-4E6C-93EA-6F767F4C03BE.png */; };
		EABB42B220A9230E0036E241 /* 018890C125583E0A89B057C3021503C7.jpg in Resources */ = {isa = PBXBuildFile; fileRef = EABB428A20A9230E0036E241 /* 018890C125583E0A89B057C3021503C7.jpg */; };
		EABB42B320A9230E0036E241 /* 0F35F295BC9918029AB338DCC911FEF0.jpg in Resources */ = {isa = PBXBuildFile; fileRef = EABB428B20A9230E0036E241 /* 0F35F295BC9918029AB338DCC911FEF0.jpg */; };
		EABB42B420A9230E0036E241 /* 798BF49302E3777221B2BB98AB57BFE2.jpg in Resources */ = {isa = PBXBuildFile; fileRef = EABB428C20A9230E0036E241 /* 798BF49302E3777221B2BB98AB57BFE2.jpg */; };
		EABB42B520A9230E0036E241 /* D0FCAFD8D2E3C02DEE320B050718C543.jpg in Resources */ = {isa = PBXBuildFile; fileRef = EABB428D20A9230E0036E241 /* D0FCAFD8D2E3C02DEE320B050718C543.jpg */; };
		EABB42B620A9230E0036E241 /* 524283BA-E99A-4079-8517-A1B86C97F74B.png in Resources */ = {isa = PBXBuildFile; fileRef = EABB428E20A9230E0036E241 /* 524283BA-E99A-4079-8517-A1B86C97F74B.png */; };
		EABB42B720A9230E0036E241 /* 55705458-26F2-49F4-89D8-6CB12F29C312.png in Resources */ = {isa = PBXBuildFile; fileRef = EABB428F20A9230E0036E241 /* 55705458-26F2-49F4-89D8-6CB12F29C312.png */; };
		EABB42B820A9230E0036E241 /* 39851CB565921F579008B040DDEA8360.jpg in Resources */ = {isa = PBXBuildFile; fileRef = EABB429020A9230E0036E241 /* 39851CB565921F579008B040DDEA8360.jpg */; };
		EABB42B920A9230E0036E241 /* 786C1D65-926B-4236-B1CB-78D18E7C54B9.png in Resources */ = {isa = PBXBuildFile; fileRef = EABB429120A9230E0036E241 /* 786C1D65-926B-4236-B1CB-78D18E7C54B9.png */; };
		EABB42BA20A9230E0036E241 /* 02167B09-E97E-45D4-B712-995E6677A92E.png in Resources */ = {isa = PBXBuildFile; fileRef = EABB429220A9230E0036E241 /* 02167B09-E97E-45D4-B712-995E6677A92E.png */; };
		EABB42BB20A9230E0036E241 /* 1201CE9EBF1BF41FCE6273380881046A.jpg in Resources */ = {isa = PBXBuildFile; fileRef = EABB429320A9230E0036E241 /* 1201CE9EBF1BF41FCE6273380881046A.jpg */; };
		EABB42BC20A9230E0036E241 /* FD9FE0C6994D12979F1FACC4AE3689FF.jpg in Resources */ = {isa = PBXBuildFile; fileRef = EABB429420A9230E0036E241 /* FD9FE0C6994D12979F1FACC4AE3689FF.jpg */; };
		EABB42BD20A9230E0036E241 /* 05AA54E6-B258-45A1-8143-81DFB03C0A67.png in Resources */ = {isa = PBXBuildFile; fileRef = EABB429520A9230E0036E241 /* 05AA54E6-B258-45A1-8143-81DFB03C0A67.png */; };
		EABB42BE20A9230E0036E241 /* F82BB391-9514-484B-864F-3FE0CC8008DE.png in Resources */ = {isa = PBXBuildFile; fileRef = EABB429620A9230E0036E241 /* F82BB391-9514-484B-864F-3FE0CC8008DE.png */; };
		EABB42C020A9230E0036E241 /* 57D59F6C-0F01-48F3-AAD5-96960273DCE3.png in Resources */ = {isa = PBXBuildFile; fileRef = EABB429820A9230E0036E241 /* 57D59F6C-0F01-48F3-AAD5-96960273DCE3.png */; };
		EABB42C120A9230E0036E241 /* F1A21BFE-086B-415F-980B-7C3F5AB30B18.png in Resources */ = {isa = PBXBuildFile; fileRef = EABB429920A9230E0036E241 /* F1A21BFE-086B-415F-980B-7C3F5AB30B18.png */; };
		EABB42C220A9230E0036E241 /* 8C044C3B-5C01-4A48-8BCE-7AC58F3C3F99.png in Resources */ = {isa = PBXBuildFile; fileRef = EABB429A20A9230E0036E241 /* 8C044C3B-5C01-4A48-8BCE-7AC58F3C3F99.png */; };
		EABB42C320A9230E0036E241 /* 280613C3-45AB-43B9-B527-E7B4DB4B37DF.png in Resources */ = {isa = PBXBuildFile; fileRef = EABB429B20A9230E0036E241 /* 280613C3-45AB-43B9-B527-E7B4DB4B37DF.png */; };
		EABB42C420A9230E0036E241 /* 3B91B4F2B0AB33F95D3945C95CF89184.jpg in Resources */ = {isa = PBXBuildFile; fileRef = EABB429C20A9230E0036E241 /* 3B91B4F2B0AB33F95D3945C95CF89184.jpg */; };
		EABB42C520A9230E0036E241 /* 7B166F44-CDC3-471D-B696-5DEC98D5D35E.png in Resources */ = {isa = PBXBuildFile; fileRef = EABB429D20A9230E0036E241 /* 7B166F44-CDC3-471D-B696-5DEC98D5D35E.png */; };
		EABB42C620A9230E0036E241 /* FD937A2A2438468468BB8077C647901D.jpg in Resources */ = {isa = PBXBuildFile; fileRef = EABB429E20A9230E0036E241 /* FD937A2A2438468468BB8077C647901D.jpg */; };
		EABB42C720A9230E0036E241 /* B6F2FE5276696E244457D3E4BEF8EDEA.jpg in Resources */ = {isa = PBXBuildFile; fileRef = EABB429F20A9230E0036E241 /* B6F2FE5276696E244457D3E4BEF8EDEA.jpg */; };
		EABB42C820A9230E0036E241 /* 65D61172-369B-4833-BD3A-DEB0B64ABB9B.png in Resources */ = {isa = PBXBuildFile; fileRef = EABB42A020A9230E0036E241 /* 65D61172-369B-4833-BD3A-DEB0B64ABB9B.png */; };
		EABB42C920A9230E0036E241 /* B029713A-7F01-4477-AEB2-E1FBB20EE04C.png in Resources */ = {isa = PBXBuildFile; fileRef = EABB42A120A9230E0036E241 /* B029713A-7F01-4477-AEB2-E1FBB20EE04C.png */; };
		EABB42CA20A9230E0036E241 /* 0EA7D16B4B89CAE76C1690ECAD4BC28E.jpg in Resources */ = {isa = PBXBuildFile; fileRef = EABB42A220A9230E0036E241 /* 0EA7D16B4B89CAE76C1690ECAD4BC28E.jpg */; };
		EABB42CC20A9230E0036E241 /* 1F0DD3F7-F125-4130-8DBB-5A6D61EEB419.png in Resources */ = {isa = PBXBuildFile; fileRef = EABB42A420A9230E0036E241 /* 1F0DD3F7-F125-4130-8DBB-5A6D61EEB419.png */; };
		EABB42CD20A9230E0036E241 /* 6B8E8DAB-11FB-4BE0-8478-1B99A67D6456.png in Resources */ = {isa = PBXBuildFile; fileRef = EABB42A520A9230E0036E241 /* 6B8E8DAB-11FB-4BE0-8478-1B99A67D6456.png */; };
		EABB42CE20A9230E0036E241 /* 76CB38F21A77523A645D4FF7D9FECE29.jpg in Resources */ = {isa = PBXBuildFile; fileRef = EABB42A620A9230E0036E241 /* 76CB38F21A77523A645D4FF7D9FECE29.jpg */; };
		EABB42CF20A9230E0036E241 /* FB3703C0BC707AEA6113D2FBA1ABFA11.jpg in Resources */ = {isa = PBXBuildFile; fileRef = EABB42A720A9230E0036E241 /* FB3703C0BC707AEA6113D2FBA1ABFA11.jpg */; };
		EABB42D020A9230E0036E241 /* 3974DA5C-82F0-4F80-884E-587AFECCAE43.png in Resources */ = {isa = PBXBuildFile; fileRef = EABB42A820A9230E0036E241 /* 3974DA5C-82F0-4F80-884E-587AFECCAE43.png */; };
		EABB42D120A9230E0036E241 /* 204F4AC7-05C0-4667-9C65-44587B03117E.png in Resources */ = {isa = PBXBuildFile; fileRef = EABB42A920A9230E0036E241 /* 204F4AC7-05C0-4667-9C65-44587B03117E.png */; };
		EABB42D320A92B6D0036E241 /* constant.swift in Sources */ = {isa = PBXBuildFile; fileRef = EABB42D220A92B6D0036E241 /* constant.swift */; };
		EACE532320A5687200893628 /* 640_960.png in Resources */ = {isa = PBXBuildFile; fileRef = EACE532120A5687200893628 /* 640_960.png */; };
		EACE532420A5687200893628 /* 750_1334.png in Resources */ = {isa = PBXBuildFile; fileRef = EACE532220A5687200893628 /* 750_1334.png */; };
		EADAF3E320AA8C9D00DD577C /* OldTimeTableViewCell.swift in Sources */ = {isa = PBXBuildFile; fileRef = EADAF3E220AA8C9D00DD577C /* OldTimeTableViewCell.swift */; };
		EADAF3E520AA8EBB00DD577C /* PopularViewExtension.swift in Sources */ = {isa = PBXBuildFile; fileRef = EADAF3E420AA8EBB00DD577C /* PopularViewExtension.swift */; };
		EADAF3E720AAA22100DD577C /* TimeTableHeaderView.swift in Sources */ = {isa = PBXBuildFile; fileRef = EADAF3E620AAA22100DD577C /* TimeTableHeaderView.swift */; };
/* End PBXBuildFile section */

/* Begin PBXContainerItemProxy section */
		EA30545720ABC67C00B81C40 /* PBXContainerItemProxy */ = {
			isa = PBXContainerItemProxy;
			containerPortal = EA8AADCF1F555DF0000B706F /* Project object */;
			proxyType = 1;
			remoteGlobalIDString = EA8AADD61F555DF0000B706F;
			remoteInfo = Swift4Learn;
		};
		EA30546520ABC68600B81C40 /* PBXContainerItemProxy */ = {
			isa = PBXContainerItemProxy;
			containerPortal = EA8AADCF1F555DF0000B706F /* Project object */;
			proxyType = 1;
			remoteGlobalIDString = EA8AADD61F555DF0000B706F;
			remoteInfo = Swift4Learn;
		};
/* End PBXContainerItemProxy section */

/* Begin PBXCopyFilesBuildPhase section */
		EA30543220ABC29500B81C40 /* CopyFiles */ = {
			isa = PBXCopyFilesBuildPhase;
			buildActionMask = 2147483647;
			dstPath = "include/$(PRODUCT_NAME)";
			dstSubfolderSpec = 16;
			files = (
			);
			runOnlyForDeploymentPostprocessing = 0;
		};
/* End PBXCopyFilesBuildPhase section */

/* Begin PBXFileReference section */
		EA30543420ABC29500B81C40 /* libTools.a */ = {isa = PBXFileReference; explicitFileType = archive.ar; includeInIndex = 0; path = libTools.a; sourceTree = BUILT_PRODUCTS_DIR; };
		EA30545220ABC67C00B81C40 /* Swift4LearnUITests.xctest */ = {isa = PBXFileReference; explicitFileType = wrapper.cfbundle; includeInIndex = 0; path = Swift4LearnUITests.xctest; sourceTree = BUILT_PRODUCTS_DIR; };
		EA30545420ABC67C00B81C40 /* Swift4LearnUITests.swift */ = {isa = PBXFileReference; lastKnownFileType = sourcecode.swift; path = Swift4LearnUITests.swift; sourceTree = "<group>"; };
		EA30545620ABC67C00B81C40 /* Info.plist */ = {isa = PBXFileReference; lastKnownFileType = text.plist.xml; path = Info.plist; sourceTree = "<group>"; };
		EA30546020ABC68600B81C40 /* Swift4LearnTests.xctest */ = {isa = PBXFileReference; explicitFileType = wrapper.cfbundle; includeInIndex = 0; path = Swift4LearnTests.xctest; sourceTree = BUILT_PRODUCTS_DIR; };
		EA30546220ABC68600B81C40 /* Swift4LearnTests.swift */ = {isa = PBXFileReference; lastKnownFileType = sourcecode.swift; path = Swift4LearnTests.swift; sourceTree = "<group>"; };
		EA30546420ABC68600B81C40 /* Info.plist */ = {isa = PBXFileReference; lastKnownFileType = text.plist.xml; path = Info.plist; sourceTree = "<group>"; };
		EA30547B20ABD15F00B81C40 /* Info.plist */ = {isa = PBXFileReference; lastKnownFileType = text.plist.xml; path = Info.plist; sourceTree = "<group>"; };
		EA5D12F420A3DB2400CDB45A /* GuideViewController.swift */ = {isa = PBXFileReference; lastKnownFileType = sourcecode.swift; path = GuideViewController.swift; sourceTree = "<group>"; };
		EA5D12F620A3DB4F00CDB45A /* BaseViewController.swift */ = {isa = PBXFileReference; lastKnownFileType = sourcecode.swift; path = BaseViewController.swift; sourceTree = "<group>"; };
		EA5D12F820A3DB6400CDB45A /* BasePresenter.swift */ = {isa = PBXFileReference; lastKnownFileType = sourcecode.swift; path = BasePresenter.swift; sourceTree = "<group>"; };
		EA5D133F20A3E2AD00CDB45A /* ModelPrase.swift */ = {isa = PBXFileReference; lastKnownFileType = sourcecode.swift; path = ModelPrase.swift; sourceTree = "<group>"; };
		EA5D134220A4121200CDB45A /* ScrollViewExtesion.swift */ = {isa = PBXFileReference; lastKnownFileType = sourcecode.swift; path = ScrollViewExtesion.swift; sourceTree = "<group>"; };
		EA5D134420A4188100CDB45A /* UIButtonExtesion.swift */ = {isa = PBXFileReference; lastKnownFileType = sourcecode.swift; path = UIButtonExtesion.swift; sourceTree = "<group>"; };
		EA8AADD71F555DF0000B706F /* Swift4Learn.app */ = {isa = PBXFileReference; explicitFileType = wrapper.application; includeInIndex = 0; path = Swift4Learn.app; sourceTree = BUILT_PRODUCTS_DIR; };
		EA8AADDA1F555DF0000B706F /* AppDelegate.swift */ = {isa = PBXFileReference; lastKnownFileType = sourcecode.swift; path = AppDelegate.swift; sourceTree = "<group>"; };
		EA8AADDC1F555DF0000B706F /* HomeViewController.swift */ = {isa = PBXFileReference; lastKnownFileType = sourcecode.swift; path = HomeViewController.swift; sourceTree = "<group>"; };
		EA8AADDF1F555DF0000B706F /* Base */ = {isa = PBXFileReference; lastKnownFileType = file.storyboard; name = Base; path = Base.lproj/Main.storyboard; sourceTree = "<group>"; };
		EA8AADE11F555DF0000B706F /* Assets.xcassets */ = {isa = PBXFileReference; lastKnownFileType = folder.assetcatalog; path = Assets.xcassets; sourceTree = "<group>"; };
		EA8AADE41F555DF0000B706F /* Base */ = {isa = PBXFileReference; lastKnownFileType = file.storyboard; name = Base; path = Base.lproj/LaunchScreen.storyboard; sourceTree = "<group>"; };
		EA8AADE61F555DF0000B706F /* Info.plist */ = {isa = PBXFileReference; lastKnownFileType = text.plist.xml; path = Info.plist; sourceTree = "<group>"; };
		EA8C6C0B20A1346600AA77B2 /* LoginViewController.swift */ = {isa = PBXFileReference; lastKnownFileType = sourcecode.swift; path = LoginViewController.swift; sourceTree = "<group>"; };
		EA8C6C0C20A1346600AA77B2 /* LoginViewController.xib */ = {isa = PBXFileReference; lastKnownFileType = file.xib; path = LoginViewController.xib; sourceTree = "<group>"; };
		EA8C6C1320A13E0A00AA77B2 /* a6af6bc55acf39b1ed1d36ab98737d66.png */ = {isa = PBXFileReference; lastKnownFileType = image.png; path = a6af6bc55acf39b1ed1d36ab98737d66.png; sourceTree = "<group>"; };
		EABB428220A9230E0036E241 /* 秘密文本.rtf */ = {isa = PBXFileReference; fileEncoding = 4; lastKnownFileType = text.rtf; path = "秘密文本.rtf"; sourceTree = "<group>"; };
		EABB428320A9230E0036E241 /* 194FC7F20160842B92F847D27BC9695D.jpg */ = {isa = PBXFileReference; lastKnownFileType = image.jpeg; path = 194FC7F20160842B92F847D27BC9695D.jpg; sourceTree = "<group>"; };
		EABB428420A9230E0036E241 /* E7A16049-D42A-443B-BA5E-5DE33E245C98.png */ = {isa = PBXFileReference; lastKnownFileType = image.png; path = "E7A16049-D42A-443B-BA5E-5DE33E245C98.png"; sourceTree = "<group>"; };
		EABB428520A9230E0036E241 /* CB6A0594-069D-4EB0-9E1D-747105F77F1C.png */ = {isa = PBXFileReference; lastKnownFileType = image.png; path = "CB6A0594-069D-4EB0-9E1D-747105F77F1C.png"; sourceTree = "<group>"; };
		EABB428620A9230E0036E241 /* 30B4F3FA-CFA5-4760-BBFF-7518E7CF6433.png */ = {isa = PBXFileReference; lastKnownFileType = image.png; path = "30B4F3FA-CFA5-4760-BBFF-7518E7CF6433.png"; sourceTree = "<group>"; };
		EABB428720A9230E0036E241 /* 807BB396-9100-4D99-B7E2-13E1A1CC6DB8.png */ = {isa = PBXFileReference; lastKnownFileType = image.png; path = "807BB396-9100-4D99-B7E2-13E1A1CC6DB8.png"; sourceTree = "<group>"; };
		EABB428820A9230E0036E241 /* 16A55A11CFF1A472A2B56B721618D445.jpg */ = {isa = PBXFileReference; lastKnownFileType = image.jpeg; path = 16A55A11CFF1A472A2B56B721618D445.jpg; sourceTree = "<group>"; };
		EABB428920A9230E0036E241 /* 3BBCBDA9-CFE1-4E6C-93EA-6F767F4C03BE.png */ = {isa = PBXFileReference; lastKnownFileType = image.png; path = "3BBCBDA9-CFE1-4E6C-93EA-6F767F4C03BE.png"; sourceTree = "<group>"; };
		EABB428A20A9230E0036E241 /* 018890C125583E0A89B057C3021503C7.jpg */ = {isa = PBXFileReference; lastKnownFileType = image.jpeg; path = 018890C125583E0A89B057C3021503C7.jpg; sourceTree = "<group>"; };
		EABB428B20A9230E0036E241 /* 0F35F295BC9918029AB338DCC911FEF0.jpg */ = {isa = PBXFileReference; lastKnownFileType = image.jpeg; path = 0F35F295BC9918029AB338DCC911FEF0.jpg; sourceTree = "<group>"; };
		EABB428C20A9230E0036E241 /* 798BF49302E3777221B2BB98AB57BFE2.jpg */ = {isa = PBXFileReference; lastKnownFileType = image.jpeg; path = 798BF49302E3777221B2BB98AB57BFE2.jpg; sourceTree = "<group>"; };
		EABB428D20A9230E0036E241 /* D0FCAFD8D2E3C02DEE320B050718C543.jpg */ = {isa = PBXFileReference; lastKnownFileType = image.jpeg; path = D0FCAFD8D2E3C02DEE320B050718C543.jpg; sourceTree = "<group>"; };
		EABB428E20A9230E0036E241 /* 524283BA-E99A-4079-8517-A1B86C97F74B.png */ = {isa = PBXFileReference; lastKnownFileType = image.png; path = "524283BA-E99A-4079-8517-A1B86C97F74B.png"; sourceTree = "<group>"; };
		EABB428F20A9230E0036E241 /* 55705458-26F2-49F4-89D8-6CB12F29C312.png */ = {isa = PBXFileReference; lastKnownFileType = image.png; path = "55705458-26F2-49F4-89D8-6CB12F29C312.png"; sourceTree = "<group>"; };
		EABB429020A9230E0036E241 /* 39851CB565921F579008B040DDEA8360.jpg */ = {isa = PBXFileReference; lastKnownFileType = image.jpeg; path = 39851CB565921F579008B040DDEA8360.jpg; sourceTree = "<group>"; };
		EABB429120A9230E0036E241 /* 786C1D65-926B-4236-B1CB-78D18E7C54B9.png */ = {isa = PBXFileReference; lastKnownFileType = image.png; path = "786C1D65-926B-4236-B1CB-78D18E7C54B9.png"; sourceTree = "<group>"; };
		EABB429220A9230E0036E241 /* 02167B09-E97E-45D4-B712-995E6677A92E.png */ = {isa = PBXFileReference; lastKnownFileType = image.png; path = "02167B09-E97E-45D4-B712-995E6677A92E.png"; sourceTree = "<group>"; };
		EABB429320A9230E0036E241 /* 1201CE9EBF1BF41FCE6273380881046A.jpg */ = {isa = PBXFileReference; lastKnownFileType = image.jpeg; path = 1201CE9EBF1BF41FCE6273380881046A.jpg; sourceTree = "<group>"; };
		EABB429420A9230E0036E241 /* FD9FE0C6994D12979F1FACC4AE3689FF.jpg */ = {isa = PBXFileReference; lastKnownFileType = image.jpeg; path = FD9FE0C6994D12979F1FACC4AE3689FF.jpg; sourceTree = "<group>"; };
		EABB429520A9230E0036E241 /* 05AA54E6-B258-45A1-8143-81DFB03C0A67.png */ = {isa = PBXFileReference; lastKnownFileType = image.png; path = "05AA54E6-B258-45A1-8143-81DFB03C0A67.png"; sourceTree = "<group>"; };
		EABB429620A9230E0036E241 /* F82BB391-9514-484B-864F-3FE0CC8008DE.png */ = {isa = PBXFileReference; lastKnownFileType = image.png; path = "F82BB391-9514-484B-864F-3FE0CC8008DE.png"; sourceTree = "<group>"; };
		EABB429820A9230E0036E241 /* 57D59F6C-0F01-48F3-AAD5-96960273DCE3.png */ = {isa = PBXFileReference; lastKnownFileType = image.png; path = "57D59F6C-0F01-48F3-AAD5-96960273DCE3.png"; sourceTree = "<group>"; };
		EABB429920A9230E0036E241 /* F1A21BFE-086B-415F-980B-7C3F5AB30B18.png */ = {isa = PBXFileReference; lastKnownFileType = image.png; path = "F1A21BFE-086B-415F-980B-7C3F5AB30B18.png"; sourceTree = "<group>"; };
		EABB429A20A9230E0036E241 /* 8C044C3B-5C01-4A48-8BCE-7AC58F3C3F99.png */ = {isa = PBXFileReference; lastKnownFileType = image.png; path = "8C044C3B-5C01-4A48-8BCE-7AC58F3C3F99.png"; sourceTree = "<group>"; };
		EABB429B20A9230E0036E241 /* 280613C3-45AB-43B9-B527-E7B4DB4B37DF.png */ = {isa = PBXFileReference; lastKnownFileType = image.png; path = "280613C3-45AB-43B9-B527-E7B4DB4B37DF.png"; sourceTree = "<group>"; };
		EABB429C20A9230E0036E241 /* 3B91B4F2B0AB33F95D3945C95CF89184.jpg */ = {isa = PBXFileReference; lastKnownFileType = image.jpeg; path = 3B91B4F2B0AB33F95D3945C95CF89184.jpg; sourceTree = "<group>"; };
		EABB429D20A9230E0036E241 /* 7B166F44-CDC3-471D-B696-5DEC98D5D35E.png */ = {isa = PBXFileReference; lastKnownFileType = image.png; path = "7B166F44-CDC3-471D-B696-5DEC98D5D35E.png"; sourceTree = "<group>"; };
		EABB429E20A9230E0036E241 /* FD937A2A2438468468BB8077C647901D.jpg */ = {isa = PBXFileReference; lastKnownFileType = image.jpeg; path = FD937A2A2438468468BB8077C647901D.jpg; sourceTree = "<group>"; };
		EABB429F20A9230E0036E241 /* B6F2FE5276696E244457D3E4BEF8EDEA.jpg */ = {isa = PBXFileReference; lastKnownFileType = image.jpeg; path = B6F2FE5276696E244457D3E4BEF8EDEA.jpg; sourceTree = "<group>"; };
		EABB42A020A9230E0036E241 /* 65D61172-369B-4833-BD3A-DEB0B64ABB9B.png */ = {isa = PBXFileReference; lastKnownFileType = image.png; path = "65D61172-369B-4833-BD3A-DEB0B64ABB9B.png"; sourceTree = "<group>"; };
		EABB42A120A9230E0036E241 /* B029713A-7F01-4477-AEB2-E1FBB20EE04C.png */ = {isa = PBXFileReference; lastKnownFileType = image.png; path = "B029713A-7F01-4477-AEB2-E1FBB20EE04C.png"; sourceTree = "<group>"; };
		EABB42A220A9230E0036E241 /* 0EA7D16B4B89CAE76C1690ECAD4BC28E.jpg */ = {isa = PBXFileReference; lastKnownFileType = image.jpeg; path = 0EA7D16B4B89CAE76C1690ECAD4BC28E.jpg; sourceTree = "<group>"; };
		EABB42A420A9230E0036E241 /* 1F0DD3F7-F125-4130-8DBB-5A6D61EEB419.png */ = {isa = PBXFileReference; lastKnownFileType = image.png; path = "1F0DD3F7-F125-4130-8DBB-5A6D61EEB419.png"; sourceTree = "<group>"; };
		EABB42A520A9230E0036E241 /* 6B8E8DAB-11FB-4BE0-8478-1B99A67D6456.png */ = {isa = PBXFileReference; lastKnownFileType = image.png; path = "6B8E8DAB-11FB-4BE0-8478-1B99A67D6456.png"; sourceTree = "<group>"; };
		EABB42A620A9230E0036E241 /* 76CB38F21A77523A645D4FF7D9FECE29.jpg */ = {isa = PBXFileReference; lastKnownFileType = image.jpeg; path = 76CB38F21A77523A645D4FF7D9FECE29.jpg; sourceTree = "<group>"; };
		EABB42A720A9230E0036E241 /* FB3703C0BC707AEA6113D2FBA1ABFA11.jpg */ = {isa = PBXFileReference; lastKnownFileType = image.jpeg; path = FB3703C0BC707AEA6113D2FBA1ABFA11.jpg; sourceTree = "<group>"; };
		EABB42A820A9230E0036E241 /* 3974DA5C-82F0-4F80-884E-587AFECCAE43.png */ = {isa = PBXFileReference; lastKnownFileType = image.png; path = "3974DA5C-82F0-4F80-884E-587AFECCAE43.png"; sourceTree = "<group>"; };
		EABB42A920A9230E0036E241 /* 204F4AC7-05C0-4667-9C65-44587B03117E.png */ = {isa = PBXFileReference; lastKnownFileType = image.png; path = "204F4AC7-05C0-4667-9C65-44587B03117E.png"; sourceTree = "<group>"; };
		EABB42D220A92B6D0036E241 /* constant.swift */ = {isa = PBXFileReference; lastKnownFileType = sourcecode.swift; path = constant.swift; sourceTree = "<group>"; };
		EABB42D520A92C120036E241 /* PrefixHeader.pch */ = {isa = PBXFileReference; lastKnownFileType = sourcecode.c.h; path = PrefixHeader.pch; sourceTree = "<group>"; };
		EACE532120A5687200893628 /* 640_960.png */ = {isa = PBXFileReference; lastKnownFileType = image.png; path = 640_960.png; sourceTree = "<group>"; };
		EACE532220A5687200893628 /* 750_1334.png */ = {isa = PBXFileReference; lastKnownFileType = image.png; path = 750_1334.png; sourceTree = "<group>"; };
		EADAF3E220AA8C9D00DD577C /* OldTimeTableViewCell.swift */ = {isa = PBXFileReference; lastKnownFileType = sourcecode.swift; path = OldTimeTableViewCell.swift; sourceTree = "<group>"; };
		EADAF3E420AA8EBB00DD577C /* PopularViewExtension.swift */ = {isa = PBXFileReference; lastKnownFileType = sourcecode.swift; path = PopularViewExtension.swift; sourceTree = "<group>"; };
		EADAF3E620AAA22100DD577C /* TimeTableHeaderView.swift */ = {isa = PBXFileReference; lastKnownFileType = sourcecode.swift; path = TimeTableHeaderView.swift; sourceTree = "<group>"; };
/* End PBXFileReference section */

/* Begin PBXFrameworksBuildPhase section */
		EA30543120ABC29500B81C40 /* Frameworks */ = {
			isa = PBXFrameworksBuildPhase;
			buildActionMask = 2147483647;
			files = (
			);
			runOnlyForDeploymentPostprocessing = 0;
		};
		EA30544F20ABC67C00B81C40 /* Frameworks */ = {
			isa = PBXFrameworksBuildPhase;
			buildActionMask = 2147483647;
			files = (
			);
			runOnlyForDeploymentPostprocessing = 0;
		};
		EA30545D20ABC68600B81C40 /* Frameworks */ = {
			isa = PBXFrameworksBuildPhase;
			buildActionMask = 2147483647;
			files = (
			);
			runOnlyForDeploymentPostprocessing = 0;
		};
		EA8AADD41F555DF0000B706F /* Frameworks */ = {
			isa = PBXFrameworksBuildPhase;
			buildActionMask = 2147483647;
			files = (
				EA30547920ABD13800B81C40 /* libTools.a in Frameworks */,
			);
			runOnlyForDeploymentPostprocessing = 0;
		};
/* End PBXFrameworksBuildPhase section */

/* Begin PBXGroup section */
		EA30545320ABC67C00B81C40 /* Swift4LearnUITests */ = {
			isa = PBXGroup;
			children = (
				EA30545420ABC67C00B81C40 /* Swift4LearnUITests.swift */,
				EA30545620ABC67C00B81C40 /* Info.plist */,
			);
			path = Swift4LearnUITests;
			sourceTree = "<group>";
		};
		EA30546120ABC68600B81C40 /* Swift4LearnTests */ = {
			isa = PBXGroup;
			children = (
				EA30546220ABC68600B81C40 /* Swift4LearnTests.swift */,
				EA30546420ABC68600B81C40 /* Info.plist */,
			);
			path = Swift4LearnTests;
			sourceTree = "<group>";
		};
		EA30547820ABD13800B81C40 /* Frameworks */ = {
			isa = PBXGroup;
			children = (
				EA30547A20ABD15F00B81C40 /* ToolResource */,
			);
			name = Frameworks;
			sourceTree = "<group>";
		};
		EA30547A20ABD15F00B81C40 /* ToolResource */ = {
			isa = PBXGroup;
			children = (
				EA30547B20ABD15F00B81C40 /* Info.plist */,
			);
			name = ToolResource;
			path = Tools/ToolResource;
			sourceTree = "<group>";
		};
		EA5D12F320A3DAE500CDB45A /* guidePage */ = {
			isa = PBXGroup;
			children = (
				EA5D12F420A3DB2400CDB45A /* GuideViewController.swift */,
			);
			path = guidePage;
			sourceTree = "<group>";
		};
		EA5D12FA20A3DB9B00CDB45A /* Tools */ = {
			isa = PBXGroup;
			children = (
				EA5D133F20A3E2AD00CDB45A /* ModelPrase.swift */,
				EA5D134220A4121200CDB45A /* ScrollViewExtesion.swift */,
				EA5D134420A4188100CDB45A /* UIButtonExtesion.swift */,
				EADAF3E420AA8EBB00DD577C /* PopularViewExtension.swift */,
			);
			path = Tools;
			sourceTree = "<group>";
		};
		EA5D134120A3E5B000CDB45A /* ProjectFile */ = {
			isa = PBXGroup;
			children = (
				EA8AADDA1F555DF0000B706F /* AppDelegate.swift */,
				EA8AADDE1F555DF0000B706F /* Main.storyboard */,
				EA8AADE11F555DF0000B706F /* Assets.xcassets */,
				EA8AADE31F555DF0000B706F /* LaunchScreen.storyboard */,
				EA8AADE61F555DF0000B706F /* Info.plist */,
				EABB42D220A92B6D0036E241 /* constant.swift */,
				EABB42D520A92C120036E241 /* PrefixHeader.pch */,
			);
			name = ProjectFile;
			sourceTree = "<group>";
		};
		EA869E6820A2A6A40061FE55 /* homePage */ = {
			isa = PBXGroup;
			children = (
				EADAF3DE20AA8C4600DD577C /* views */,
				EA8AADDC1F555DF0000B706F /* HomeViewController.swift */,
			);
			path = homePage;
			sourceTree = "<group>";
		};
		EA869E6920A2A6BA0061FE55 /* loginPage */ = {
			isa = PBXGroup;
			children = (
				EA8C6C0B20A1346600AA77B2 /* LoginViewController.swift */,
				EA8C6C0C20A1346600AA77B2 /* LoginViewController.xib */,
			);
			path = loginPage;
			sourceTree = "<group>";
		};
		EA8AADCE1F555DF0000B706F = {
			isa = PBXGroup;
			children = (
				EA8AADD91F555DF0000B706F /* Swift4Learn */,
				EA30545320ABC67C00B81C40 /* Swift4LearnUITests */,
				EA30546120ABC68600B81C40 /* Swift4LearnTests */,
				EA8AADD81F555DF0000B706F /* Products */,
				EA30547820ABD13800B81C40 /* Frameworks */,
			);
			sourceTree = "<group>";
		};
		EA8AADD81F555DF0000B706F /* Products */ = {
			isa = PBXGroup;
			children = (
				EA8AADD71F555DF0000B706F /* Swift4Learn.app */,
				EA30543420ABC29500B81C40 /* libTools.a */,
				EA30545220ABC67C00B81C40 /* Swift4LearnUITests.xctest */,
				EA30546020ABC68600B81C40 /* Swift4LearnTests.xctest */,
			);
			name = Products;
			sourceTree = "<group>";
		};
		EA8AADD91F555DF0000B706F /* Swift4Learn */ = {
			isa = PBXGroup;
			children = (
				EA5D134120A3E5B000CDB45A /* ProjectFile */,
				EA8AADEC1F555E2B000B706F /* Module */,
			);
			path = Swift4Learn;
			sourceTree = "<group>";
		};
		EA8AADEC1F555E2B000B706F /* Module */ = {
			isa = PBXGroup;
			children = (
				EA8AADF01F555E66000B706F /* pages */,
				EA8AADEE1F555E46000B706F /* libs */,
				EA8AADED1F555E3C000B706F /* resource */,
			);
			path = Module;
			sourceTree = "<group>";
		};
		EA8AADED1F555E3C000B706F /* resource */ = {
			isa = PBXGroup;
			children = (
				EABB428120A9230E0036E241 /* 旧时光资源 */,
				EA8C6C1320A13E0A00AA77B2 /* a6af6bc55acf39b1ed1d36ab98737d66.png */,
				EACE532120A5687200893628 /* 640_960.png */,
				EACE532220A5687200893628 /* 750_1334.png */,
			);
			path = resource;
			sourceTree = "<group>";
		};
		EA8AADEE1F555E46000B706F /* libs */ = {
			isa = PBXGroup;
			children = (
				EA5D12FA20A3DB9B00CDB45A /* Tools */,
			);
			path = libs;
			sourceTree = "<group>";
		};
		EA8AADEF1F555E5A000B706F /* root */ = {
			isa = PBXGroup;
			children = (
				EA5D12F620A3DB4F00CDB45A /* BaseViewController.swift */,
				EA5D12F820A3DB6400CDB45A /* BasePresenter.swift */,
			);
			path = root;
			sourceTree = "<group>";
		};
		EA8AADF01F555E66000B706F /* pages */ = {
			isa = PBXGroup;
			children = (
				EA8AADEF1F555E5A000B706F /* root */,
				EA5D12F320A3DAE500CDB45A /* guidePage */,
				EA869E6920A2A6BA0061FE55 /* loginPage */,
				EA869E6820A2A6A40061FE55 /* homePage */,
			);
			path = pages;
			sourceTree = "<group>";
		};
		EABB428120A9230E0036E241 /* 旧时光资源 */ = {
			isa = PBXGroup;
			children = (
				EABB428220A9230E0036E241 /* 秘密文本.rtf */,
				EABB428320A9230E0036E241 /* 194FC7F20160842B92F847D27BC9695D.jpg */,
				EABB428420A9230E0036E241 /* E7A16049-D42A-443B-BA5E-5DE33E245C98.png */,
				EABB428520A9230E0036E241 /* CB6A0594-069D-4EB0-9E1D-747105F77F1C.png */,
				EABB428620A9230E0036E241 /* 30B4F3FA-CFA5-4760-BBFF-7518E7CF6433.png */,
				EABB428720A9230E0036E241 /* 807BB396-9100-4D99-B7E2-13E1A1CC6DB8.png */,
				EABB428820A9230E0036E241 /* 16A55A11CFF1A472A2B56B721618D445.jpg */,
				EABB428920A9230E0036E241 /* 3BBCBDA9-CFE1-4E6C-93EA-6F767F4C03BE.png */,
				EABB428A20A9230E0036E241 /* 018890C125583E0A89B057C3021503C7.jpg */,
				EABB428B20A9230E0036E241 /* 0F35F295BC9918029AB338DCC911FEF0.jpg */,
				EABB428C20A9230E0036E241 /* 798BF49302E3777221B2BB98AB57BFE2.jpg */,
				EABB428D20A9230E0036E241 /* D0FCAFD8D2E3C02DEE320B050718C543.jpg */,
				EABB428E20A9230E0036E241 /* 524283BA-E99A-4079-8517-A1B86C97F74B.png */,
				EABB428F20A9230E0036E241 /* 55705458-26F2-49F4-89D8-6CB12F29C312.png */,
				EABB429020A9230E0036E241 /* 39851CB565921F579008B040DDEA8360.jpg */,
				EABB429120A9230E0036E241 /* 786C1D65-926B-4236-B1CB-78D18E7C54B9.png */,
				EABB429220A9230E0036E241 /* 02167B09-E97E-45D4-B712-995E6677A92E.png */,
				EABB429320A9230E0036E241 /* 1201CE9EBF1BF41FCE6273380881046A.jpg */,
				EABB429420A9230E0036E241 /* FD9FE0C6994D12979F1FACC4AE3689FF.jpg */,
				EABB429520A9230E0036E241 /* 05AA54E6-B258-45A1-8143-81DFB03C0A67.png */,
				EABB429620A9230E0036E241 /* F82BB391-9514-484B-864F-3FE0CC8008DE.png */,
				EABB429820A9230E0036E241 /* 57D59F6C-0F01-48F3-AAD5-96960273DCE3.png */,
				EABB429920A9230E0036E241 /* F1A21BFE-086B-415F-980B-7C3F5AB30B18.png */,
				EABB429A20A9230E0036E241 /* 8C044C3B-5C01-4A48-8BCE-7AC58F3C3F99.png */,
				EABB429B20A9230E0036E241 /* 280613C3-45AB-43B9-B527-E7B4DB4B37DF.png */,
				EABB429C20A9230E0036E241 /* 3B91B4F2B0AB33F95D3945C95CF89184.jpg */,
				EABB429D20A9230E0036E241 /* 7B166F44-CDC3-471D-B696-5DEC98D5D35E.png */,
				EABB429E20A9230E0036E241 /* FD937A2A2438468468BB8077C647901D.jpg */,
				EABB429F20A9230E0036E241 /* B6F2FE5276696E244457D3E4BEF8EDEA.jpg */,
				EABB42A020A9230E0036E241 /* 65D61172-369B-4833-BD3A-DEB0B64ABB9B.png */,
				EABB42A120A9230E0036E241 /* B029713A-7F01-4477-AEB2-E1FBB20EE04C.png */,
				EABB42A220A9230E0036E241 /* 0EA7D16B4B89CAE76C1690ECAD4BC28E.jpg */,
				EABB42A420A9230E0036E241 /* 1F0DD3F7-F125-4130-8DBB-5A6D61EEB419.png */,
				EABB42A520A9230E0036E241 /* 6B8E8DAB-11FB-4BE0-8478-1B99A67D6456.png */,
				EABB42A620A9230E0036E241 /* 76CB38F21A77523A645D4FF7D9FECE29.jpg */,
				EABB42A720A9230E0036E241 /* FB3703C0BC707AEA6113D2FBA1ABFA11.jpg */,
				EABB42A820A9230E0036E241 /* 3974DA5C-82F0-4F80-884E-587AFECCAE43.png */,
				EABB42A920A9230E0036E241 /* 204F4AC7-05C0-4667-9C65-44587B03117E.png */,
			);
			name = "旧时光资源";
			path = "../../../../旧时光资源";
			sourceTree = "<group>";
		};
		EADAF3DE20AA8C4600DD577C /* views */ = {
			isa = PBXGroup;
			children = (
				EADAF3DF20AA8C5500DD577C /* cells */,
				EADAF3E620AAA22100DD577C /* TimeTableHeaderView.swift */,
			);
			path = views;
			sourceTree = "<group>";
		};
		EADAF3DF20AA8C5500DD577C /* cells */ = {
			isa = PBXGroup;
			children = (
				EADAF3E220AA8C9D00DD577C /* OldTimeTableViewCell.swift */,
			);
			path = cells;
			sourceTree = "<group>";
		};
/* End PBXGroup section */

/* Begin PBXNativeTarget section */
		EA30543320ABC29500B81C40 /* Tools */ = {
			isa = PBXNativeTarget;
			buildConfigurationList = EA30543A20ABC29500B81C40 /* Build configuration list for PBXNativeTarget "Tools" */;
			buildPhases = (
				EA30543020ABC29500B81C40 /* Sources */,
				EA30543120ABC29500B81C40 /* Frameworks */,
				EA30543220ABC29500B81C40 /* CopyFiles */,
			);
			buildRules = (
			);
			dependencies = (
			);
			name = Tools;
			productName = Tools;
			productReference = EA30543420ABC29500B81C40 /* libTools.a */;
			productType = "com.apple.product-type.library.static";
		};
		EA30545120ABC67C00B81C40 /* Swift4LearnUITests */ = {
			isa = PBXNativeTarget;
			buildConfigurationList = EA30545920ABC67C00B81C40 /* Build configuration list for PBXNativeTarget "Swift4LearnUITests" */;
			buildPhases = (
				EA30544E20ABC67C00B81C40 /* Sources */,
				EA30544F20ABC67C00B81C40 /* Frameworks */,
				EA30545020ABC67C00B81C40 /* Resources */,
			);
			buildRules = (
			);
			dependencies = (
				EA30545820ABC67C00B81C40 /* PBXTargetDependency */,
			);
			name = Swift4LearnUITests;
			productName = Swift4LearnUITests;
			productReference = EA30545220ABC67C00B81C40 /* Swift4LearnUITests.xctest */;
			productType = "com.apple.product-type.bundle.ui-testing";
		};
		EA30545F20ABC68600B81C40 /* Swift4LearnTests */ = {
			isa = PBXNativeTarget;
			buildConfigurationList = EA30546720ABC68600B81C40 /* Build configuration list for PBXNativeTarget "Swift4LearnTests" */;
			buildPhases = (
				EA30545C20ABC68600B81C40 /* Sources */,
				EA30545D20ABC68600B81C40 /* Frameworks */,
				EA30545E20ABC68600B81C40 /* Resources */,
			);
			buildRules = (
			);
			dependencies = (
				EA30546620ABC68600B81C40 /* PBXTargetDependency */,
			);
			name = Swift4LearnTests;
			productName = Swift4LearnTests;
			productReference = EA30546020ABC68600B81C40 /* Swift4LearnTests.xctest */;
			productType = "com.apple.product-type.bundle.unit-test";
		};
		EA8AADD61F555DF0000B706F /* Swift4Learn */ = {
			isa = PBXNativeTarget;
			buildConfigurationList = EA8AADE91F555DF0000B706F /* Build configuration list for PBXNativeTarget "Swift4Learn" */;
			buildPhases = (
				EA8AADD31F555DF0000B706F /* Sources */,
				EA8AADD41F555DF0000B706F /* Frameworks */,
				EA8AADD51F555DF0000B706F /* Resources */,
			);
			buildRules = (
			);
			dependencies = (
			);
			name = Swift4Learn;
			productName = Swift4Learn;
			productReference = EA8AADD71F555DF0000B706F /* Swift4Learn.app */;
			productType = "com.apple.product-type.application";
		};
/* End PBXNativeTarget section */

/* Begin PBXProject section */
		EA8AADCF1F555DF0000B706F /* Project object */ = {
			isa = PBXProject;
			attributes = {
				LastSwiftUpdateCheck = 0930;
				LastUpgradeCheck = 0930;
				ORGANIZATIONNAME = tony;
				TargetAttributes = {
					EA30543320ABC29500B81C40 = {
						CreatedOnToolsVersion = 9.3;
						ProvisioningStyle = Automatic;
					};
					EA30545120ABC67C00B81C40 = {
						CreatedOnToolsVersion = 9.3;
						ProvisioningStyle = Automatic;
						TestTargetID = EA8AADD61F555DF0000B706F;
					};
					EA30545F20ABC68600B81C40 = {
						CreatedOnToolsVersion = 9.3;
						ProvisioningStyle = Automatic;
						TestTargetID = EA8AADD61F555DF0000B706F;
					};
					EA8AADD61F555DF0000B706F = {
						CreatedOnToolsVersion = 8.3.3;
						LastSwiftMigration = 0930;
						ProvisioningStyle = Automatic;
					};
				};
			};
			buildConfigurationList = EA8AADD21F555DF0000B706F /* Build configuration list for PBXProject "Swift4Learn" */;
			compatibilityVersion = "Xcode 3.2";
			developmentRegion = English;
			hasScannedForEncodings = 0;
			knownRegions = (
				en,
				Base,
			);
			mainGroup = EA8AADCE1F555DF0000B706F;
			productRefGroup = EA8AADD81F555DF0000B706F /* Products */;
			projectDirPath = "";
			projectRoot = "";
			targets = (
				EA8AADD61F555DF0000B706F /* Swift4Learn */,
				EA30543320ABC29500B81C40 /* Tools */,
				EA30545120ABC67C00B81C40 /* Swift4LearnUITests */,
				EA30545F20ABC68600B81C40 /* Swift4LearnTests */,
			);
		};
/* End PBXProject section */

/* Begin PBXResourcesBuildPhase section */
		EA30545020ABC67C00B81C40 /* Resources */ = {
			isa = PBXResourcesBuildPhase;
			buildActionMask = 2147483647;
			files = (
			);
			runOnlyForDeploymentPostprocessing = 0;
		};
		EA30545E20ABC68600B81C40 /* Resources */ = {
			isa = PBXResourcesBuildPhase;
			buildActionMask = 2147483647;
			files = (
			);
			runOnlyForDeploymentPostprocessing = 0;
		};
		EA8AADD51F555DF0000B706F /* Resources */ = {
			isa = PBXResourcesBuildPhase;
			buildActionMask = 2147483647;
			files = (
				EABB42B020A9230E0036E241 /* 16A55A11CFF1A472A2B56B721618D445.jpg in Resources */,
				EABB42B520A9230E0036E241 /* D0FCAFD8D2E3C02DEE320B050718C543.jpg in Resources */,
				EABB42C720A9230E0036E241 /* B6F2FE5276696E244457D3E4BEF8EDEA.jpg in Resources */,
				EACE532320A5687200893628 /* 640_960.png in Resources */,
				EABB42CD20A9230E0036E241 /* 6B8E8DAB-11FB-4BE0-8478-1B99A67D6456.png in Resources */,
				EABB42B420A9230E0036E241 /* 798BF49302E3777221B2BB98AB57BFE2.jpg in Resources */,
				EABB42C820A9230E0036E241 /* 65D61172-369B-4833-BD3A-DEB0B64ABB9B.png in Resources */,
				EABB42C220A9230E0036E241 /* 8C044C3B-5C01-4A48-8BCE-7AC58F3C3F99.png in Resources */,
				EABB42BB20A9230E0036E241 /* 1201CE9EBF1BF41FCE6273380881046A.jpg in Resources */,
				EA8C6C0E20A1346600AA77B2 /* LoginViewController.xib in Resources */,
				EABB42CF20A9230E0036E241 /* FB3703C0BC707AEA6113D2FBA1ABFA11.jpg in Resources */,
				EABB42AD20A9230E0036E241 /* CB6A0594-069D-4EB0-9E1D-747105F77F1C.png in Resources */,
				EA8AADE51F555DF0000B706F /* LaunchScreen.storyboard in Resources */,
				EABB42C520A9230E0036E241 /* 7B166F44-CDC3-471D-B696-5DEC98D5D35E.png in Resources */,
				EABB42C420A9230E0036E241 /* 3B91B4F2B0AB33F95D3945C95CF89184.jpg in Resources */,
				EABB42B920A9230E0036E241 /* 786C1D65-926B-4236-B1CB-78D18E7C54B9.png in Resources */,
				EABB42AA20A9230E0036E241 /* 秘密文本.rtf in Resources */,
				EABB42BE20A9230E0036E241 /* F82BB391-9514-484B-864F-3FE0CC8008DE.png in Resources */,
				EACE532420A5687200893628 /* 750_1334.png in Resources */,
				EABB42BD20A9230E0036E241 /* 05AA54E6-B258-45A1-8143-81DFB03C0A67.png in Resources */,
				EABB42AE20A9230E0036E241 /* 30B4F3FA-CFA5-4760-BBFF-7518E7CF6433.png in Resources */,
				EABB42B220A9230E0036E241 /* 018890C125583E0A89B057C3021503C7.jpg in Resources */,
				EABB42B620A9230E0036E241 /* 524283BA-E99A-4079-8517-A1B86C97F74B.png in Resources */,
				EABB42B320A9230E0036E241 /* 0F35F295BC9918029AB338DCC911FEF0.jpg in Resources */,
				EABB42C620A9230E0036E241 /* FD937A2A2438468468BB8077C647901D.jpg in Resources */,
				EABB42D120A9230E0036E241 /* 204F4AC7-05C0-4667-9C65-44587B03117E.png in Resources */,
				EABB42AC20A9230E0036E241 /* E7A16049-D42A-443B-BA5E-5DE33E245C98.png in Resources */,
				EABB42BC20A9230E0036E241 /* FD9FE0C6994D12979F1FACC4AE3689FF.jpg in Resources */,
				EABB42B820A9230E0036E241 /* 39851CB565921F579008B040DDEA8360.jpg in Resources */,
				EABB42C320A9230E0036E241 /* 280613C3-45AB-43B9-B527-E7B4DB4B37DF.png in Resources */,
				EABB42C120A9230E0036E241 /* F1A21BFE-086B-415F-980B-7C3F5AB30B18.png in Resources */,
				EABB42BA20A9230E0036E241 /* 02167B09-E97E-45D4-B712-995E6677A92E.png in Resources */,
				EA8AADE21F555DF0000B706F /* Assets.xcassets in Resources */,
				EA8AADE01F555DF0000B706F /* Main.storyboard in Resources */,
				EABB42AB20A9230E0036E241 /* 194FC7F20160842B92F847D27BC9695D.jpg in Resources */,
				EABB42C920A9230E0036E241 /* B029713A-7F01-4477-AEB2-E1FBB20EE04C.png in Resources */,
				EABB42D020A9230E0036E241 /* 3974DA5C-82F0-4F80-884E-587AFECCAE43.png in Resources */,
				EABB42CE20A9230E0036E241 /* 76CB38F21A77523A645D4FF7D9FECE29.jpg in Resources */,
				EABB42CC20A9230E0036E241 /* 1F0DD3F7-F125-4130-8DBB-5A6D61EEB419.png in Resources */,
				EABB42CA20A9230E0036E241 /* 0EA7D16B4B89CAE76C1690ECAD4BC28E.jpg in Resources */,
				EABB42B120A9230E0036E241 /* 3BBCBDA9-CFE1-4E6C-93EA-6F767F4C03BE.png in Resources */,
				EABB42AF20A9230E0036E241 /* 807BB396-9100-4D99-B7E2-13E1A1CC6DB8.png in Resources */,
				EABB42B720A9230E0036E241 /* 55705458-26F2-49F4-89D8-6CB12F29C312.png in Resources */,
				EABB42C020A9230E0036E241 /* 57D59F6C-0F01-48F3-AAD5-96960273DCE3.png in Resources */,
				EA8C6C1420A13E0A00AA77B2 /* a6af6bc55acf39b1ed1d36ab98737d66.png in Resources */,
			);
			runOnlyForDeploymentPostprocessing = 0;
		};
/* End PBXResourcesBuildPhase section */

/* Begin PBXSourcesBuildPhase section */
		EA30543020ABC29500B81C40 /* Sources */ = {
			isa = PBXSourcesBuildPhase;
			buildActionMask = 2147483647;
			files = (
			);
			runOnlyForDeploymentPostprocessing = 0;
		};
		EA30544E20ABC67C00B81C40 /* Sources */ = {
			isa = PBXSourcesBuildPhase;
			buildActionMask = 2147483647;
			files = (
				EA30545520ABC67C00B81C40 /* Swift4LearnUITests.swift in Sources */,
			);
			runOnlyForDeploymentPostprocessing = 0;
		};
		EA30545C20ABC68600B81C40 /* Sources */ = {
			isa = PBXSourcesBuildPhase;
			buildActionMask = 2147483647;
			files = (
				EA30546320ABC68600B81C40 /* Swift4LearnTests.swift in Sources */,
			);
			runOnlyForDeploymentPostprocessing = 0;
		};
		EA8AADD31F555DF0000B706F /* Sources */ = {
			isa = PBXSourcesBuildPhase;
			buildActionMask = 2147483647;
			files = (
				EA5D12F720A3DB4F00CDB45A /* BaseViewController.swift in Sources */,
				EA5D12F920A3DB6400CDB45A /* BasePresenter.swift in Sources */,
				EADAF3E720AAA22100DD577C /* TimeTableHeaderView.swift in Sources */,
				EA8C6C0D20A1346600AA77B2 /* LoginViewController.swift in Sources */,
				EA5D12F520A3DB2400CDB45A /* GuideViewController.swift in Sources */,
				EA5D134320A4121200CDB45A /* ScrollViewExtesion.swift in Sources */,
				EA5D134520A4188100CDB45A /* UIButtonExtesion.swift in Sources */,
				EA8AADDD1F555DF0000B706F /* HomeViewController.swift in Sources */,
				EABB42D320A92B6D0036E241 /* constant.swift in Sources */,
				EADAF3E520AA8EBB00DD577C /* PopularViewExtension.swift in Sources */,
				EA8AADDB1F555DF0000B706F /* AppDelegate.swift in Sources */,
				EADAF3E320AA8C9D00DD577C /* OldTimeTableViewCell.swift in Sources */,
				EA5D134020A3E2AD00CDB45A /* ModelPrase.swift in Sources */,
			);
			runOnlyForDeploymentPostprocessing = 0;
		};
/* End PBXSourcesBuildPhase section */

/* Begin PBXTargetDependency section */
		EA30545820ABC67C00B81C40 /* PBXTargetDependency */ = {
			isa = PBXTargetDependency;
			target = EA8AADD61F555DF0000B706F /* Swift4Learn */;
			targetProxy = EA30545720ABC67C00B81C40 /* PBXContainerItemProxy */;
		};
		EA30546620ABC68600B81C40 /* PBXTargetDependency */ = {
			isa = PBXTargetDependency;
			target = EA8AADD61F555DF0000B706F /* Swift4Learn */;
			targetProxy = EA30546520ABC68600B81C40 /* PBXContainerItemProxy */;
		};
/* End PBXTargetDependency section */

/* Begin PBXVariantGroup section */
		EA8AADDE1F555DF0000B706F /* Main.storyboard */ = {
			isa = PBXVariantGroup;
			children = (
				EA8AADDF1F555DF0000B706F /* Base */,
			);
			name = Main.storyboard;
			sourceTree = "<group>";
		};
		EA8AADE31F555DF0000B706F /* LaunchScreen.storyboard */ = {
			isa = PBXVariantGroup;
			children = (
				EA8AADE41F555DF0000B706F /* Base */,
			);
			name = LaunchScreen.storyboard;
			sourceTree = "<group>";
		};
/* End PBXVariantGroup section */

/* Begin XCBuildConfiguration section */
		EA30543820ABC29500B81C40 /* Debug */ = {
			isa = XCBuildConfiguration;
			buildSettings = {
				CLANG_CXX_LANGUAGE_STANDARD = "gnu++14";
				CLANG_ENABLE_OBJC_WEAK = YES;
				CLANG_WARN_UNGUARDED_AVAILABILITY = YES_AGGRESSIVE;
				CODE_SIGN_IDENTITY = "iPhone Developer";
				CODE_SIGN_STYLE = Automatic;
				GCC_C_LANGUAGE_STANDARD = gnu11;
				IPHONEOS_DEPLOYMENT_TARGET = 11.3;
				OTHER_LDFLAGS = "-ObjC";
				PRODUCT_NAME = "$(TARGET_NAME)";
				SKIP_INSTALL = YES;
				SWIFT_VERSION = 4.0;
				TARGETED_DEVICE_FAMILY = "1,2";
			};
			name = Debug;
		};
		EA30543920ABC29500B81C40 /* Release */ = {
			isa = XCBuildConfiguration;
			buildSettings = {
				CLANG_CXX_LANGUAGE_STANDARD = "gnu++14";
				CLANG_ENABLE_OBJC_WEAK = YES;
				CLANG_WARN_UNGUARDED_AVAILABILITY = YES_AGGRESSIVE;
				CODE_SIGN_IDENTITY = "iPhone Developer";
				CODE_SIGN_STYLE = Automatic;
				GCC_C_LANGUAGE_STANDARD = gnu11;
				IPHONEOS_DEPLOYMENT_TARGET = 11.3;
				OTHER_LDFLAGS = "-ObjC";
				PRODUCT_NAME = "$(TARGET_NAME)";
				SKIP_INSTALL = YES;
				SWIFT_VERSION = 4.0;
				TARGETED_DEVICE_FAMILY = "1,2";
			};
			name = Release;
		};
		EA30545A20ABC67C00B81C40 /* Debug */ = {
			isa = XCBuildConfiguration;
			buildSettings = {
				CLANG_CXX_LANGUAGE_STANDARD = "gnu++14";
				CLANG_ENABLE_OBJC_WEAK = YES;
				CLANG_WARN_UNGUARDED_AVAILABILITY = YES_AGGRESSIVE;
				CODE_SIGN_IDENTITY = "iPhone Developer";
				CODE_SIGN_STYLE = Automatic;
				GCC_C_LANGUAGE_STANDARD = gnu11;
				INFOPLIST_FILE = Swift4LearnUITests/Info.plist;
				IPHONEOS_DEPLOYMENT_TARGET = 11.3;
				LD_RUNPATH_SEARCH_PATHS = "$(inherited) @executable_path/Frameworks @loader_path/Frameworks";
				PRODUCT_BUNDLE_IDENTIFIER = com.buyal.Swift4LearnUITests;
				PRODUCT_NAME = "$(TARGET_NAME)";
				SWIFT_VERSION = 4.0;
				TARGETED_DEVICE_FAMILY = "1,2";
				TEST_TARGET_NAME = Swift4Learn;
			};
			name = Debug;
		};
		EA30545B20ABC67C00B81C40 /* Release */ = {
			isa = XCBuildConfiguration;
			buildSettings = {
				CLANG_CXX_LANGUAGE_STANDARD = "gnu++14";
				CLANG_ENABLE_OBJC_WEAK = YES;
				CLANG_WARN_UNGUARDED_AVAILABILITY = YES_AGGRESSIVE;
				CODE_SIGN_IDENTITY = "iPhone Developer";
				CODE_SIGN_STYLE = Automatic;
				GCC_C_LANGUAGE_STANDARD = gnu11;
				INFOPLIST_FILE = Swift4LearnUITests/Info.plist;
				IPHONEOS_DEPLOYMENT_TARGET = 11.3;
				LD_RUNPATH_SEARCH_PATHS = "$(inherited) @executable_path/Frameworks @loader_path/Frameworks";
				PRODUCT_BUNDLE_IDENTIFIER = com.buyal.Swift4LearnUITests;
				PRODUCT_NAME = "$(TARGET_NAME)";
				SWIFT_VERSION = 4.0;
				TARGETED_DEVICE_FAMILY = "1,2";
				TEST_TARGET_NAME = Swift4Learn;
			};
			name = Release;
		};
		EA30546820ABC68600B81C40 /* Debug */ = {
			isa = XCBuildConfiguration;
			buildSettings = {
				BUNDLE_LOADER = "$(TEST_HOST)";
				CLANG_CXX_LANGUAGE_STANDARD = "gnu++14";
				CLANG_ENABLE_OBJC_WEAK = YES;
				CLANG_WARN_UNGUARDED_AVAILABILITY = YES_AGGRESSIVE;
				CODE_SIGN_IDENTITY = "iPhone Developer";
				CODE_SIGN_STYLE = Automatic;
				GCC_C_LANGUAGE_STANDARD = gnu11;
				INFOPLIST_FILE = Swift4LearnTests/Info.plist;
				IPHONEOS_DEPLOYMENT_TARGET = 11.3;
				LD_RUNPATH_SEARCH_PATHS = "$(inherited) @executable_path/Frameworks @loader_path/Frameworks";
				PRODUCT_BUNDLE_IDENTIFIER = com.buyal.Swift4LearnTests;
				PRODUCT_NAME = "$(TARGET_NAME)";
				SWIFT_VERSION = 4.0;
				TARGETED_DEVICE_FAMILY = "1,2";
				TEST_HOST = "$(BUILT_PRODUCTS_DIR)/Swift4Learn.app/Swift4Learn";
			};
			name = Debug;
		};
		EA30546920ABC68600B81C40 /* Release */ = {
			isa = XCBuildConfiguration;
			buildSettings = {
				BUNDLE_LOADER = "$(TEST_HOST)";
				CLANG_CXX_LANGUAGE_STANDARD = "gnu++14";
				CLANG_ENABLE_OBJC_WEAK = YES;
				CLANG_WARN_UNGUARDED_AVAILABILITY = YES_AGGRESSIVE;
				CODE_SIGN_IDENTITY = "iPhone Developer";
				CODE_SIGN_STYLE = Automatic;
				GCC_C_LANGUAGE_STANDARD = gnu11;
				INFOPLIST_FILE = Swift4LearnTests/Info.plist;
				IPHONEOS_DEPLOYMENT_TARGET = 11.3;
				LD_RUNPATH_SEARCH_PATHS = "$(inherited) @executable_path/Frameworks @loader_path/Frameworks";
				PRODUCT_BUNDLE_IDENTIFIER = com.buyal.Swift4LearnTests;
				PRODUCT_NAME = "$(TARGET_NAME)";
				SWIFT_VERSION = 4.0;
				TARGETED_DEVICE_FAMILY = "1,2";
				TEST_HOST = "$(BUILT_PRODUCTS_DIR)/Swift4Learn.app/Swift4Learn";
			};
			name = Release;
		};
		EA8AADE71F555DF0000B706F /* Debug */ = {
			isa = XCBuildConfiguration;
			buildSettings = {
				ALWAYS_SEARCH_USER_PATHS = NO;
				CLANG_ANALYZER_NONNULL = YES;
				CLANG_ANALYZER_NUMBER_OBJECT_CONVERSION = YES_AGGRESSIVE;
				CLANG_CXX_LANGUAGE_STANDARD = "gnu++0x";
				CLANG_CXX_LIBRARY = "libc++";
				CLANG_ENABLE_MODULES = YES;
				CLANG_ENABLE_OBJC_ARC = YES;
				CLANG_WARN_BLOCK_CAPTURE_AUTORELEASING = YES;
				CLANG_WARN_BOOL_CONVERSION = YES;
				CLANG_WARN_COMMA = YES;
				CLANG_WARN_CONSTANT_CONVERSION = YES;
				CLANG_WARN_DEPRECATED_OBJC_IMPLEMENTATIONS = YES;
				CLANG_WARN_DIRECT_OBJC_ISA_USAGE = YES_ERROR;
				CLANG_WARN_DOCUMENTATION_COMMENTS = YES;
				CLANG_WARN_EMPTY_BODY = YES;
				CLANG_WARN_ENUM_CONVERSION = YES;
				CLANG_WARN_INFINITE_RECURSION = YES;
				CLANG_WARN_INT_CONVERSION = YES;
				CLANG_WARN_NON_LITERAL_NULL_CONVERSION = YES;
				CLANG_WARN_OBJC_IMPLICIT_RETAIN_SELF = YES;
				CLANG_WARN_OBJC_LITERAL_CONVERSION = YES;
				CLANG_WARN_OBJC_ROOT_CLASS = YES_ERROR;
				CLANG_WARN_RANGE_LOOP_ANALYSIS = YES;
				CLANG_WARN_STRICT_PROTOTYPES = YES;
				CLANG_WARN_SUSPICIOUS_MOVE = YES;
				CLANG_WARN_UNREACHABLE_CODE = YES;
				CLANG_WARN__DUPLICATE_METHOD_MATCH = YES;
				"CODE_SIGN_IDENTITY[sdk=iphoneos*]" = "iPhone Developer";
				COPY_PHASE_STRIP = NO;
				DEBUG_INFORMATION_FORMAT = dwarf;
				ENABLE_STRICT_OBJC_MSGSEND = YES;
				ENABLE_TESTABILITY = YES;
				GCC_C_LANGUAGE_STANDARD = gnu99;
				GCC_DYNAMIC_NO_PIC = NO;
				GCC_NO_COMMON_BLOCKS = YES;
				GCC_OPTIMIZATION_LEVEL = 0;
				GCC_PREPROCESSOR_DEFINITIONS = (
					"DEBUG=1",
					"$(inherited)",
				);
				GCC_WARN_64_TO_32_BIT_CONVERSION = YES;
				GCC_WARN_ABOUT_RETURN_TYPE = YES_ERROR;
				GCC_WARN_UNDECLARED_SELECTOR = YES;
				GCC_WARN_UNINITIALIZED_AUTOS = YES_AGGRESSIVE;
				GCC_WARN_UNUSED_FUNCTION = YES;
				GCC_WARN_UNUSED_VARIABLE = YES;
				IPHONEOS_DEPLOYMENT_TARGET = 10.3;
				MTL_ENABLE_DEBUG_INFO = YES;
				ONLY_ACTIVE_ARCH = YES;
				SDKROOT = iphoneos;
				SWIFT_ACTIVE_COMPILATION_CONDITIONS = DEBUG;
				SWIFT_OPTIMIZATION_LEVEL = "-Onone";
			};
			name = Debug;
		};
		EA8AADE81F555DF0000B706F /* Release */ = {
			isa = XCBuildConfiguration;
			buildSettings = {
				ALWAYS_SEARCH_USER_PATHS = NO;
				CLANG_ANALYZER_NONNULL = YES;
				CLANG_ANALYZER_NUMBER_OBJECT_CONVERSION = YES_AGGRESSIVE;
				CLANG_CXX_LANGUAGE_STANDARD = "gnu++0x";
				CLANG_CXX_LIBRARY = "libc++";
				CLANG_ENABLE_MODULES = YES;
				CLANG_ENABLE_OBJC_ARC = YES;
				CLANG_WARN_BLOCK_CAPTURE_AUTORELEASING = YES;
				CLANG_WARN_BOOL_CONVERSION = YES;
				CLANG_WARN_COMMA = YES;
				CLANG_WARN_CONSTANT_CONVERSION = YES;
				CLANG_WARN_DEPRECATED_OBJC_IMPLEMENTATIONS = YES;
				CLANG_WARN_DIRECT_OBJC_ISA_USAGE = YES_ERROR;
				CLANG_WARN_DOCUMENTATION_COMMENTS = YES;
				CLANG_WARN_EMPTY_BODY = YES;
				CLANG_WARN_ENUM_CONVERSION = YES;
				CLANG_WARN_INFINITE_RECURSION = YES;
				CLANG_WARN_INT_CONVERSION = YES;
				CLANG_WARN_NON_LITERAL_NULL_CONVERSION = YES;
				CLANG_WARN_OBJC_IMPLICIT_RETAIN_SELF = YES;
				CLANG_WARN_OBJC_LITERAL_CONVERSION = YES;
				CLANG_WARN_OBJC_ROOT_CLASS = YES_ERROR;
				CLANG_WARN_RANGE_LOOP_ANALYSIS = YES;
				CLANG_WARN_STRICT_PROTOTYPES = YES;
				CLANG_WARN_SUSPICIOUS_MOVE = YES;
				CLANG_WARN_UNREACHABLE_CODE = YES;
				CLANG_WARN__DUPLICATE_METHOD_MATCH = YES;
				"CODE_SIGN_IDENTITY[sdk=iphoneos*]" = "iPhone Developer";
				COPY_PHASE_STRIP = NO;
				DEBUG_INFORMATION_FORMAT = "dwarf-with-dsym";
				ENABLE_NS_ASSERTIONS = NO;
				ENABLE_STRICT_OBJC_MSGSEND = YES;
				GCC_C_LANGUAGE_STANDARD = gnu99;
				GCC_NO_COMMON_BLOCKS = YES;
				GCC_WARN_64_TO_32_BIT_CONVERSION = YES;
				GCC_WARN_ABOUT_RETURN_TYPE = YES_ERROR;
				GCC_WARN_UNDECLARED_SELECTOR = YES;
				GCC_WARN_UNINITIALIZED_AUTOS = YES_AGGRESSIVE;
				GCC_WARN_UNUSED_FUNCTION = YES;
				GCC_WARN_UNUSED_VARIABLE = YES;
				IPHONEOS_DEPLOYMENT_TARGET = 10.3;
				MTL_ENABLE_DEBUG_INFO = NO;
				SDKROOT = iphoneos;
				SWIFT_OPTIMIZATION_LEVEL = "-Owholemodule";
				VALIDATE_PRODUCT = YES;
			};
			name = Release;
		};
		EA8AADEA1F555DF0000B706F /* Debug */ = {
			isa = XCBuildConfiguration;
			buildSettings = {
				ASSETCATALOG_COMPILER_APPICON_NAME = AppIcon;
				ASSETCATALOG_COMPILER_LAUNCHIMAGE_NAME = LaunchImage;
				DEVELOPMENT_TEAM = "";
				GCC_PRECOMPILE_PREFIX_HEADER = YES;
				GCC_PREFIX_HEADER = "$(SRCROOT)/$(PROJECT_NAME)//PrefixHeader.pch";
				INFOPLIST_FILE = Swift4Learn/Info.plist;
				IPHONEOS_DEPLOYMENT_TARGET = 11.3;
				LD_RUNPATH_SEARCH_PATHS = "$(inherited) @executable_path/Frameworks";
				PRODUCT_BUNDLE_IDENTIFIER = tony.Swift4Learn;
				PRODUCT_NAME = "$(TARGET_NAME)";
				SWIFT_VERSION = 4.0;
			};
			name = Debug;
		};
		EA8AADEB1F555DF0000B706F /* Release */ = {
			isa = XCBuildConfiguration;
			buildSettings = {
				ASSETCATALOG_COMPILER_APPICON_NAME = AppIcon;
				ASSETCATALOG_COMPILER_LAUNCHIMAGE_NAME = LaunchImage;
				DEVELOPMENT_TEAM = "";
				GCC_PRECOMPILE_PREFIX_HEADER = YES;
				GCC_PREFIX_HEADER = "$(SRCROOT)/$(PROJECT_NAME)//PrefixHeader.pch";
				INFOPLIST_FILE = Swift4Learn/Info.plist;
				IPHONEOS_DEPLOYMENT_TARGET = 11.3;
				LD_RUNPATH_SEARCH_PATHS = "$(inherited) @executable_path/Frameworks";
				PRODUCT_BUNDLE_IDENTIFIER = tony.Swift4Learn;
				PRODUCT_NAME = "$(TARGET_NAME)";
				SWIFT_VERSION = 4.0;
			};
			name = Release;
		};
/* End XCBuildConfiguration section */

/* Begin XCConfigurationList section */
		EA30543A20ABC29500B81C40 /* Build configuration list for PBXNativeTarget "Tools" */ = {
			isa = XCConfigurationList;
			buildConfigurations = (
				EA30543820ABC29500B81C40 /* Debug */,
				EA30543920ABC29500B81C40 /* Release */,
			);
			defaultConfigurationIsVisible = 0;
			defaultConfigurationName = Release;
		};
		EA30545920ABC67C00B81C40 /* Build configuration list for PBXNativeTarget "Swift4LearnUITests" */ = {
			isa = XCConfigurationList;
			buildConfigurations = (
				EA30545A20ABC67C00B81C40 /* Debug */,
				EA30545B20ABC67C00B81C40 /* Release */,
			);
			defaultConfigurationIsVisible = 0;
			defaultConfigurationName = Release;
		};
		EA30546720ABC68600B81C40 /* Build configuration list for PBXNativeTarget "Swift4LearnTests" */ = {
			isa = XCConfigurationList;
			buildConfigurations = (
				EA30546820ABC68600B81C40 /* Debug */,
				EA30546920ABC68600B81C40 /* Release */,
			);
			defaultConfigurationIsVisible = 0;
			defaultConfigurationName = Release;
		};
		EA8AADD21F555DF0000B706F /* Build configuration list for PBXProject "Swift4Learn" */ = {
			isa = XCConfigurationList;
			buildConfigurations = (
				EA8AADE71F555DF0000B706F /* Debug */,
				EA8AADE81F555DF0000B706F /* Release */,
			);
			defaultConfigurationIsVisible = 0;
			defaultConfigurationName = Release;
		};
		EA8AADE91F555DF0000B706F /* Build configuration list for PBXNativeTarget "Swift4Learn" */ = {
			isa = XCConfigurationList;
			buildConfigurations = (
				EA8AADEA1F555DF0000B706F /* Debug */,
				EA8AADEB1F555DF0000B706F /* Release */,
			);
			defaultConfigurationIsVisible = 0;
			defaultConfigurationName = Release;
		};
/* End XCConfigurationList section */
	};
	rootObject = EA8AADCF1F555DF0000B706F /* Project object */;
}
